// !$*UTF8*$!
{
	archiveVersion = 1;
	classes = {
	};
	objectVersion = 77;
	objects = {

/* Begin PBXFileReference section */
		2B7CA6682E55258C00F68A95 /* Glasstic.app */ = {isa = PBXFileReference; explicitFileType = wrapper.application; includeInIndex = 0; path = Glasstic.app; sourceTree = BUILT_PRODUCTS_DIR; };
		2B7CA6762E55258D00F68A96 /* GlassticApp.swift */ = {isa = PBXFileReference; lastKnownFileType = sourcecode.swift; path = GlassticApp.swift; sourceTree = "<group>"; };
		2B7CA6772E55258D00F68A97 /* ContentView.swift */ = {isa = PBXFileReference; lastKnownFileType = sourcecode.swift; path = ContentView.swift; sourceTree = "<group>"; };
		2B7CA6782E55258D00F68A98 /* Assets.xcassets */ = {isa = PBXFileReference; lastKnownFileType = folder.assetcatalog; path = Assets.xcassets; sourceTree = "<group>"; };
		2B7CA6792E55258D00F68A99 /* HealthKitManager.swift */ = {isa = PBXFileReference; lastKnownFileType = sourcecode.swift; path = HealthKitManager.swift; sourceTree = "<group>"; };
		2B7CA67A2E55258D00F68A9A /* WatchConnectivityManager.swift */ = {isa = PBXFileReference; lastKnownFileType = sourcecode.swift; path = WatchConnectivityManager.swift; sourceTree = "<group>"; };
		2B7CA67B2E55258D00F68A9B /* NotificationManager.swift */ = {isa = PBXFileReference; lastKnownFileType = sourcecode.swift; path = NotificationManager.swift; sourceTree = "<group>"; };
		2B7CA67C2E55258D00F68A9C /* GamificationManager.swift */ = {isa = PBXFileReference; lastKnownFileType = sourcecode.swift; path = GamificationManager.swift; sourceTree = "<group>"; };
		2B7CA67D2E55258D00F68A9D /* FastingActivityAttributes.swift */ = {isa = PBXFileReference; lastKnownFileType = sourcecode.swift; path = FastingActivityAttributes.swift; sourceTree = "<group>"; };
		2B7CA67E2E55258D00F68A9E /* FastingPlan.swift */ = {isa = PBXFileReference; lastKnownFileType = sourcecode.swift; path = FastingPlan.swift; sourceTree = "<group>"; };
		2B7CA67F2E55258D00F68A9F /* FastingState.swift */ = {isa = PBXFileReference; lastKnownFileType = sourcecode.swift; path = FastingState.swift; sourceTree = "<group>"; };
		2B7CA6802E55258D00F68AA0 /* FastingZone.swift */ = {isa = PBXFileReference; lastKnownFileType = sourcecode.swift; path = FastingZone.swift; sourceTree = "<group>"; };
		2B7CA6812E55258D00F68AA1 /* UserProfile.swift */ = {isa = PBXFileReference; lastKnownFileType = sourcecode.swift; path = UserProfile.swift; sourceTree = "<group>"; };
		2B7CA6822E55258D00F68AA2 /* Badge.swift */ = {isa = PBXFileReference; lastKnownFileType = sourcecode.swift; path = Badge.swift; sourceTree = "<group>"; };
		2B7CA6A02E55258D00F68AC0 /* AIMessageManager.swift */ = {isa = PBXFileReference; lastKnownFileType = sourcecode.swift; path = AIMessageManager.swift; sourceTree = "<group>"; };
		2B7CA6A12E55258D00F68AC1 /* StartTimeEditorView.swift */ = {isa = PBXFileReference; lastKnownFileType = sourcecode.swift; path = StartTimeEditorView.swift; sourceTree = "<group>"; };
		2B7CA6A22E55258D00F68AC2 /* FastEditView.swift */ = {isa = PBXFileReference; lastKnownFileType = sourcecode.swift; path = FastEditView.swift; sourceTree = "<group>"; };
		2B7CA6832E55258D00F68AA3 /* GaugeView.swift */ = {isa = PBXFileReference; lastKnownFileType = sourcecode.swift; path = GaugeView.swift; sourceTree = "<group>"; };
		2B7CA6842E55258D00F68AA4 /* PlanSelectorView.swift */ = {isa = PBXFileReference; lastKnownFileType = sourcecode.swift; path = PlanSelectorView.swift; sourceTree = "<group>"; };
		2B7CA6852E55258D00F68AA5 /* OnboardingView.swift */ = {isa = PBXFileReference; lastKnownFileType = sourcecode.swift; path = OnboardingView.swift; sourceTree = "<group>"; };
		2B7CA6862E55258D00F68AA6 /* CalendarView.swift */ = {isa = PBXFileReference; lastKnownFileType = sourcecode.swift; path = CalendarView.swift; sourceTree = "<group>"; };
		2B7CA6872E55258D00F68AA7 /* ProfileView.swift */ = {isa = PBXFileReference; lastKnownFileType = sourcecode.swift; path = ProfileView.swift; sourceTree = "<group>"; };
		2B7CA69B2E55258D00F68ABB /* HealthKit.framework */ = {isa = PBXFileReference; lastKnownFileType = wrapper.framework; name = HealthKit.framework; path = System/Library/Frameworks/HealthKit.framework; sourceTree = SDKROOT; };
		2B7CA69D2E55258D00F68ABD /* WatchConnectivity.framework */ = {isa = PBXFileReference; lastKnownFileType = wrapper.framework; name = WatchConnectivity.framework; path = System/Library/Frameworks/WatchConnectivity.framework; sourceTree = SDKROOT; };
		2B7CA69F2E55258D00F68ABF /* ActivityKit.framework */ = {isa = PBXFileReference; lastKnownFileType = wrapper.framework; name = ActivityKit.framework; path = System/Library/Frameworks/ActivityKit.framework; sourceTree = SDKROOT; };
		2B7CA6A62E55258D00F68AC6 /* NaturalLanguage.framework */ = {isa = PBXFileReference; lastKnownFileType = wrapper.framework; name = NaturalLanguage.framework; path = System/Library/Frameworks/NaturalLanguage.framework; sourceTree = SDKROOT; };
/* End PBXFileReference section */

/* Begin PBXBuildFile section */
		2B7CA6882E55258D00F68AA8 /* GlassticApp.swift in Sources */ = {isa = PBXBuildFile; fileRef = 2B7CA6762E55258D00F68A96 /* GlassticApp.swift */; };
		2B7CA6892E55258D00F68AA9 /* ContentView.swift in Sources */ = {isa = PBXBuildFile; fileRef = 2B7CA6772E55258D00F68A97 /* ContentView.swift */; };
		2B7CA68A2E55258D00F68AAA /* Assets.xcassets in Resources */ = {isa = PBXBuildFile; fileRef = 2B7CA6782E55258D00F68A98 /* Assets.xcassets */; };
		2B7CA68B2E55258D00F68AAB /* HealthKitManager.swift in Sources */ = {isa = PBXBuildFile; fileRef = 2B7CA6792E55258D00F68A99 /* HealthKitManager.swift */; };
		2B7CA68C2E55258D00F68AAC /* WatchConnectivityManager.swift in Sources */ = {isa = PBXBuildFile; fileRef = 2B7CA67A2E55258D00F68A9A /* WatchConnectivityManager.swift */; };
		2B7CA68D2E55258D00F68AAD /* NotificationManager.swift in Sources */ = {isa = PBXBuildFile; fileRef = 2B7CA67B2E55258D00F68A9B /* NotificationManager.swift */; };
		2B7CA68E2E55258D00F68AAE /* GamificationManager.swift in Sources */ = {isa = PBXBuildFile; fileRef = 2B7CA67C2E55258D00F68A9C /* GamificationManager.swift */; };
		2B7CA68F2E55258D00F68AAF /* FastingActivityAttributes.swift in Sources */ = {isa = PBXBuildFile; fileRef = 2B7CA67D2E55258D00F68A9D /* FastingActivityAttributes.swift */; };
		2B7CA6902E55258D00F68AB0 /* FastingPlan.swift in Sources */ = {isa = PBXBuildFile; fileRef = 2B7CA67E2E55258D00F68A9E /* FastingPlan.swift */; };
		2B7CA6912E55258D00F68AB1 /* FastingState.swift in Sources */ = {isa = PBXBuildFile; fileRef = 2B7CA67F2E55258D00F68A9F /* FastingState.swift */; };
		2B7CA6922E55258D00F68AB2 /* FastingZone.swift in Sources */ = {isa = PBXBuildFile; fileRef = 2B7CA6802E55258D00F68AA0 /* FastingZone.swift */; };
		2B7CA6932E55258D00F68AB3 /* UserProfile.swift in Sources */ = {isa = PBXBuildFile; fileRef = 2B7CA6812E55258D00F68AA1 /* UserProfile.swift */; };
		2B7CA6942E55258D00F68AB4 /* Badge.swift in Sources */ = {isa = PBXBuildFile; fileRef = 2B7CA6822E55258D00F68AA2 /* Badge.swift */; };
		2B7CA6A32E55258D00F68AC3 /* AIMessageManager.swift in Sources */ = {isa = PBXBuildFile; fileRef = 2B7CA6A02E55258D00F68AC0 /* AIMessageManager.swift */; };
		2B7CA6A42E55258D00F68AC4 /* StartTimeEditorView.swift in Sources */ = {isa = PBXBuildFile; fileRef = 2B7CA6A12E55258D00F68AC1 /* StartTimeEditorView.swift */; };
		2B7CA6A52E55258D00F68AC5 /* FastEditView.swift in Sources */ = {isa = PBXBuildFile; fileRef = 2B7CA6A22E55258D00F68AC2 /* FastEditView.swift */; };
		2B7CA6952E55258D00F68AB5 /* GaugeView.swift in Sources */ = {isa = PBXBuildFile; fileRef = 2B7CA6832E55258D00F68AA3 /* GaugeView.swift */; };
		2B7CA6962E55258D00F68AB6 /* PlanSelectorView.swift in Sources */ = {isa = PBXBuildFile; fileRef = 2B7CA6842E55258D00F68AA4 /* PlanSelectorView.swift */; };
		2B7CA6972E55258D00F68AB7 /* OnboardingView.swift in Sources */ = {isa = PBXBuildFile; fileRef = 2B7CA6852E55258D00F68AA5 /* OnboardingView.swift */; };
		2B7CA6982E55258D00F68AB8 /* CalendarView.swift in Sources */ = {isa = PBXBuildFile; fileRef = 2B7CA6862E55258D00F68AA6 /* CalendarView.swift */; };
		2B7CA6992E55258D00F68AB9 /* ProfileView.swift in Sources */ = {isa = PBXBuildFile; fileRef = 2B7CA6872E55258D00F68AA7 /* ProfileView.swift */; };
		2B7CA69A2E55258D00F68ABA /* HealthKit.framework in Frameworks */ = {isa = PBXBuildFile; fileRef = 2B7CA69B2E55258D00F68ABB /* HealthKit.framework */; };
		2B7CA69C2E55258D00F68ABC /* WatchConnectivity.framework in Frameworks */ = {isa = PBXBuildFile; fileRef = 2B7CA69D2E55258D00F68ABD /* WatchConnectivity.framework */; };
		2B7CA69E2E55258D00F68ABE /* ActivityKit.framework in Frameworks */ = {isa = PBXBuildFile; fileRef = 2B7CA69F2E55258D00F68ABF /* ActivityKit.framework */; };
		2B7CA6A72E55258D00F68AC7 /* NaturalLanguage.framework in Frameworks */ = {isa = PBXBuildFile; fileRef = 2B7CA6A62E55258D00F68AC6 /* NaturalLanguage.framework */; };
/* End PBXBuildFile section */

/* Begin PBXFrameworksBuildPhase section */
		2B7CA6652E55258C00F68A95 /* Frameworks */ = {
			isa = PBXFrameworksBuildPhase;
			buildActionMask = 2147483647;
			files = (
				2B7CA69A2E55258D00F68ABA /* HealthKit.framework in Frameworks */,
				2B7CA69C2E55258D00F68ABC /* WatchConnectivity.framework in Frameworks */,
				2B7CA69E2E55258D00F68ABE /* ActivityKit.framework in Frameworks */,
				2B7CA6A72E55258D00F68AC7 /* NaturalLanguage.framework in Frameworks */,
			);
			runOnlyForDeploymentPostprocessing = 0;
		};
/* End PBXFrameworksBuildPhase section */

/* Begin PBXGroup section */
		2B7CA65F2E55258C00F68A95 = {
			isa = PBXGroup;
			children = (
				2B7CA66A2E55258C00F68A95 /* Glasstic */,
				2B7CA6A82E55258D00F68AC8 /* Managers */,
				2B7CA6A92E55258D00F68AC9 /* Models */,
				2B7CA6AA2E55258D00F68ACA /* Views */,
				2B7CA6AB2E55258D00F68ACB /* Frameworks */,
				2B7CA6692E55258C00F68A95 /* Products */,
			);
			sourceTree = "<group>";
		};
		2B7CA66A2E55258C00F68A95 /* Glasstic */ = {
			isa = PBXGroup;
			children = (
				2B7CA6762E55258D00F68A96 /* GlassticApp.swift */,
				2B7CA6772E55258D00F68A97 /* ContentView.swift */,
				2B7CA6782E55258D00F68A98 /* Assets.xcassets */,
			);
			path = Glasstic;
			sourceTree = "<group>";
		};
		2B7CA6692E55258C00F68A95 /* Products */ = {
			isa = PBXGroup;
			children = (
				2B7CA6682E55258C00F68A95 /* Glasstic.app */,
			);
			name = Products;
			sourceTree = "<group>";
		};
		2B7CA6A82E55258D00F68AC8 /* Managers */ = {
			isa = PBXGroup;
			children = (
				2B7CA6792E55258D00F68A99 /* HealthKitManager.swift */,
				2B7CA67A2E55258D00F68A9A /* WatchConnectivityManager.swift */,
				2B7CA67B2E55258D00F68A9B /* NotificationManager.swift */,
				2B7CA67C2E55258D00F68A9C /* GamificationManager.swift */,
				2B7CA6A02E55258D00F68AC0 /* AIMessageManager.swift */,
			);
			path = Managers;
			sourceTree = "<group>";
		};
		2B7CA6A92E55258D00F68AC9 /* Models */ = {
			isa = PBXGroup;
			children = (
				2B7CA67D2E55258D00F68A9D /* FastingActivityAttributes.swift */,
				2B7CA67E2E55258D00F68A9E /* FastingPlan.swift */,
				2B7CA67F2E55258D00F68A9F /* FastingState.swift */,
				2B7CA6802E55258D00F68AA0 /* FastingZone.swift */,
				2B7CA6812E55258D00F68AA1 /* UserProfile.swift */,
				2B7CA6822E55258D00F68AA2 /* Badge.swift */,
			);
			path = Models;
			sourceTree = "<group>";
		};
		2B7CA6AA2E55258D00F68ACA /* Views */ = {
			isa = PBXGroup;
			children = (
				2B7CA6832E55258D00F68AA3 /* GaugeView.swift */,
				2B7CA6842E55258D00F68AA4 /* PlanSelectorView.swift */,
				2B7CA6852E55258D00F68AA5 /* OnboardingView.swift */,
				2B7CA6862E55258D00F68AA6 /* CalendarView.swift */,
				2B7CA6872E55258D00F68AA7 /* ProfileView.swift */,
				2B7CA6A12E55258D00F68AC1 /* StartTimeEditorView.swift */,
				2B7CA6A22E55258D00F68AC2 /* FastEditView.swift */,
			);
			path = Views;
			sourceTree = "<group>";
		};
		2B7CA6AB2E55258D00F68ACB /* Frameworks */ = {
			isa = PBXGroup;
			children = (
				2B7CA69B2E55258D00F68ABB /* HealthKit.framework */,
				2B7CA69D2E55258D00F68ABD /* WatchConnectivity.framework */,
				2B7CA69F2E55258D00F68ABF /* ActivityKit.framework */,
				2B7CA6A62E55258D00F68AC6 /* NaturalLanguage.framework */,
			);
			name = Frameworks;
			sourceTree = "<group>";
		};
/* End PBXGroup section */

/* Begin PBXNativeTarget section */
		2B7CA6672E55258C00F68A95 /* Glasstic */ = {
			isa = PBXNativeTarget;
			buildConfigurationList = 2B7CA6732E55258D00F68A95 /* Build configuration list for PBXNativeTarget "Glasstic" */;
			buildPhases = (
				2B7CA6642E55258C00F68A95 /* Sources */,
				2B7CA6652E55258C00F68A95 /* Frameworks */,
				2B7CA6662E55258C00F68A95 /* Resources */,
			);
			buildRules = (
			);
			dependencies = (
			);
			name = Glasstic;
			packageProductDependencies = (
			);
			productName = Glasstic;
			productReference = 2B7CA6682E55258C00F68A95 /* Glasstic.app */;
			productType = "com.apple.product-type.application";
		};
/* End PBXNativeTarget section */

/* Begin PBXProject section */
		2B7CA6602E55258C00F68A95 /* Project object */ = {
			isa = PBXProject;
			attributes = {
				BuildIndependentTargetsInParallel = 1;
				LastSwiftUpdateCheck = 2600;
				LastUpgradeCheck = 2600;
				TargetAttributes = {
					2B7CA6672E55258C00F68A95 = {
						CreatedOnToolsVersion = 26.0;
					};
				};
			};
			buildConfigurationList = 2B7CA6632E55258C00F68A95 /* Build configuration list for PBXProject "Glasstic" */;
			developmentRegion = en;
			hasScannedForEncodings = 0;
			knownRegions = (
				en,
				Base,
			);
			mainGroup = 2B7CA65F2E55258C00F68A95;
			minimizedProjectReferenceProxies = 1;
			preferredProjectObjectVersion = 77;
			productRefGroup = 2B7CA6692E55258C00F68A95 /* Products */;
			projectDirPath = "";
			projectRoot = "";
			targets = (
				2B7CA6672E55258C00F68A95 /* Glasstic */,
			);
		};
/* End PBXProject section */

/* Begin PBXResourcesBuildPhase section */
		2B7CA6662E55258C00F68A95 /* Resources */ = {
			isa = PBXResourcesBuildPhase;
			buildActionMask = 2147483647;
			files = (
				2B7CA68A2E55258D00F68AAA /* Assets.xcassets in Resources */,
			);
			runOnlyForDeploymentPostprocessing = 0;
		};
/* End PBXResourcesBuildPhase section */

/* Begin PBXSourcesBuildPhase section */
		2B7CA6642E55258C00F68A95 /* Sources */ = {
			isa = PBXSourcesBuildPhase;
			buildActionMask = 2147483647;
			files = (
				2B7CA6882E55258D00F68AA8 /* GlassticApp.swift in Sources */,
				2B7CA6892E55258D00F68AA9 /* ContentView.swift in Sources */,
				2B7CA68B2E55258D00F68AAB /* HealthKitManager.swift in Sources */,
				2B7CA68C2E55258D00F68AAC /* WatchConnectivityManager.swift in Sources */,
				2B7CA68D2E55258D00F68AAD /* NotificationManager.swift in Sources */,
				2B7CA68E2E55258D00F68AAE /* GamificationManager.swift in Sources */,
				2B7CA68F2E55258D00F68AAF /* FastingActivityAttributes.swift in Sources */,
				2B7CA6902E55258D00F68AB0 /* FastingPlan.swift in Sources */,
				2B7CA6912E55258D00F68AB1 /* FastingState.swift in Sources */,
				2B7CA6922E55258D00F68AB2 /* FastingZone.swift in Sources */,
				2B7CA6932E55258D00F68AB3 /* UserProfile.swift in Sources */,
				2B7CA6942E55258D00F68AB4 /* Badge.swift in Sources */,
				2B7CA6952E55258D00F68AB5 /* GaugeView.swift in Sources */,
				2B7CA6962E55258D00F68AB6 /* PlanSelectorView.swift in Sources */,
				2B7CA6972E55258D00F68AB7 /* OnboardingView.swift in Sources */,
				2B7CA6982E55258D00F68AB8 /* CalendarView.swift in Sources */,
				2B7CA6992E55258D00F68AB9 /* ProfileView.swift in Sources */,
				2B7CA6A32E55258D00F68AC3 /* AIMessageManager.swift in Sources */,
				2B7CA6A42E55258D00F68AC4 /* StartTimeEditorView.swift in Sources */,
				2B7CA6A52E55258D00F68AC5 /* FastEditView.swift in Sources */,
			);
			runOnlyForDeploymentPostprocessing = 0;
		};
/* End PBXSourcesBuildPhase section */

/* Begin XCBuildConfiguration section */
		2B7CA6712E55258D00F68A95 /* Debug */ = {
			isa = XCBuildConfiguration;
			buildSettings = {
				ALWAYS_SEARCH_USER_PATHS = NO;
				ASSETCATALOG_COMPILER_GENERATE_SWIFT_ASSET_SYMBOL_EXTENSIONS = YES;
				CLANG_ANALYZER_NONNULL = YES;
				CLANG_ANALYZER_NUMBER_OBJECT_CONVERSION = YES_AGGRESSIVE;
				CLANG_CXX_LANGUAGE_STANDARD = "gnu++20";
				CLANG_ENABLE_MODULES = YES;
				CLANG_ENABLE_OBJC_ARC = YES;
				CLANG_ENABLE_OBJC_WEAK = YES;
				CLANG_WARN_BLOCK_CAPTURE_AUTORELEASING = YES;
				CLANG_WARN_BOOL_CONVERSION = YES;
				CLANG_WARN_COMMA = YES;
				CLANG_WARN_CONSTANT_CONVERSION = YES;
				CLANG_WARN_DEPRECATED_OBJC_IMPLEMENTATIONS = YES;
				CLANG_WARN_DIRECT_OBJC_ISA_USAGE = YES_ERROR;
				CLANG_WARN_DOCUMENTATION_COMMENTS = YES;
				CLANG_WARN_EMPTY_BODY = YES;
				CLANG_WARN_ENUM_CONVERSION = YES;
				CLANG_WARN_INFINITE_RECURSION = YES;
				CLANG_WARN_INT_CONVERSION = YES;
				CLANG_WARN_NON_LITERAL_NULL_CONVERSION = YES;
				CLANG_WARN_OBJC_IMPLICIT_RETAIN_SELF = YES;
				CLANG_WARN_OBJC_LITERAL_CONVERSION = YES;
				CLANG_WARN_OBJC_ROOT_CLASS = YES_ERROR;
				CLANG_WARN_QUOTED_INCLUDE_IN_FRAMEWORK_HEADER = YES;
				CLANG_WARN_RANGE_LOOP_ANALYSIS = YES;
				CLANG_WARN_STRICT_PROTOTYPES = YES;
				CLANG_WARN_SUSPICIOUS_MOVE = YES;
				CLANG_WARN_UNGUARDED_AVAILABILITY = YES_AGGRESSIVE;
				CLANG_WARN_UNREACHABLE_CODE = YES;
				CLANG_WARN__DUPLICATE_METHOD_MATCH = YES;
				COPY_PHASE_STRIP = NO;
				DEBUG_INFORMATION_FORMAT = dwarf;
				ENABLE_STRICT_OBJC_MSGSEND = YES;
				ENABLE_TESTABILITY = YES;
				ENABLE_USER_SCRIPT_SANDBOXING = YES;
				GCC_C_LANGUAGE_STANDARD = gnu17;
				GCC_DYNAMIC_NO_PIC = NO;
				GCC_NO_COMMON_BLOCKS = YES;
				GCC_OPTIMIZATION_LEVEL = 0;
				GCC_PREPROCESSOR_DEFINITIONS = (
					"DEBUG=1",
					"$(inherited)",
				);
				GCC_WARN_64_TO_32_BIT_CONVERSION = YES;
				GCC_WARN_ABOUT_RETURN_TYPE = YES_ERROR;
				GCC_WARN_UNDECLARED_SELECTOR = YES;
				GCC_WARN_UNINITIALIZED_AUTOS = YES_AGGRESSIVE;
				GCC_WARN_UNUSED_FUNCTION = YES;
				GCC_WARN_UNUSED_VARIABLE = YES;
				IPHONEOS_DEPLOYMENT_TARGET = 17.0;
				LOCALIZATION_PREFERS_STRING_CATALOGS = YES;
				MTL_ENABLE_DEBUG_INFO = INCLUDE_SOURCE;
				MTL_FAST_MATH = YES;
				ONLY_ACTIVE_ARCH = YES;
				SDKROOT = iphoneos;
				SWIFT_ACTIVE_COMPILATION_CONDITIONS = "DEBUG $(inherited)";
				SWIFT_OPTIMIZATION_LEVEL = "-Onone";
			};
			name = Debug;
		};
		2B7CA6722E55258D00F68A95 /* Release */ = {
			isa = XCBuildConfiguration;
			buildSettings = {
				ALWAYS_SEARCH_USER_PATHS = NO;
				ASSETCATALOG_COMPILER_GENERATE_SWIFT_ASSET_SYMBOL_EXTENSIONS = YES;
				CLANG_ANALYZER_NONNULL = YES;
				CLANG_ANALYZER_NUMBER_OBJECT_CONVERSION = YES_AGGRESSIVE;
				CLANG_CXX_LANGUAGE_STANDARD = "gnu++20";
				CLANG_ENABLE_MODULES = YES;
				CLANG_ENABLE_OBJC_ARC = YES;
				CLANG_ENABLE_OBJC_WEAK = YES;
				CLANG_WARN_BLOCK_CAPTURE_AUTORELEASING = YES;
				CLANG_WARN_BOOL_CONVERSION = YES;
				CLANG_WARN_COMMA = YES;
				CLANG_WARN_CONSTANT_CONVERSION = YES;
				CLANG_WARN_DEPRECATED_OBJC_IMPLEMENTATIONS = YES;
				CLANG_WARN_DIRECT_OBJC_ISA_USAGE = YES_ERROR;
				CLANG_WARN_DOCUMENTATION_COMMENTS = YES;
				CLANG_WARN_EMPTY_BODY = YES;
				CLANG_WARN_ENUM_CONVERSION = YES;
				CLANG_WARN_INFINITE_RECURSION = YES;
				CLANG_WARN_INT_CONVERSION = YES;
				CLANG_WARN_NON_LITERAL_NULL_CONVERSION = YES;
				CLANG_WARN_OBJC_IMPLICIT_RETAIN_SELF = YES;
				CLANG_WARN_OBJC_LITERAL_CONVERSION = YES;
				CLANG_WARN_OBJC_ROOT_CLASS = YES_ERROR;
				CLANG_WARN_QUOTED_INCLUDE_IN_FRAMEWORK_HEADER = YES;
				CLANG_WARN_RANGE_LOOP_ANALYSIS = YES;
				CLANG_WARN_STRICT_PROTOTYPES = YES;
				CLANG_WARN_SUSPICIOUS_MOVE = YES;
				CLANG_WARN_UNGUARDED_AVAILABILITY = YES_AGGRESSIVE;
				CLANG_WARN_UNREACHABLE_CODE = YES;
				CLANG_WARN__DUPLICATE_METHOD_MATCH = YES;
				COPY_PHASE_STRIP = NO;
				DEBUG_INFORMATION_FORMAT = "dwarf-with-dsym";
				ENABLE_NS_ASSERTIONS = NO;
				ENABLE_STRICT_OBJC_MSGSEND = YES;
				ENABLE_USER_SCRIPT_SANDBOXING = YES;
				GCC_C_LANGUAGE_STANDARD = gnu17;
				GCC_NO_COMMON_BLOCKS = YES;
				GCC_WARN_64_TO_32_BIT_CONVERSION = YES;
				GCC_WARN_ABOUT_RETURN_TYPE = YES_ERROR;
				GCC_WARN_UNDECLARED_SELECTOR = YES;
				GCC_WARN_UNINITIALIZED_AUTOS = YES_AGGRESSIVE;
				GCC_WARN_UNUSED_FUNCTION = YES;
				GCC_WARN_UNUSED_VARIABLE = YES;
				IPHONEOS_DEPLOYMENT_TARGET = 17.0;
				LOCALIZATION_PREFERS_STRING_CATALOGS = YES;
				MTL_ENABLE_DEBUG_INFO = NO;
				MTL_FAST_MATH = YES;
				SDKROOT = iphoneos;
				SWIFT_COMPILATION_MODE = wholemodule;
				VALIDATE_PRODUCT = YES;
			};
			name = Release;
		};
		2B7CA6742E55258D00F68A95 /* Debug */ = {
			isa = XCBuildConfiguration;
			buildSettings = {
				ASSETCATALOG_COMPILER_APPICON_NAME = AppIcon;
				ASSETCATALOG_COMPILER_GLOBAL_ACCENT_COLOR_NAME = AccentColor;
				CODE_SIGN_STYLE = Automatic;
				CURRENT_PROJECT_VERSION = 1;
				ENABLE_PREVIEWS = YES;
				GENERATE_INFOPLIST_FILE = YES;
				INFOPLIST_KEY_UIApplicationSceneManifest_Generation = YES;
				INFOPLIST_KEY_UIApplicationSupportsIndirectInputEvents = YES;
				INFOPLIST_KEY_UILaunchScreen_Generation = YES;
				INFOPLIST_KEY_UISupportedInterfaceOrientations_iPad = "UIInterfaceOrientationPortrait UIInterfaceOrientationPortraitUpsideDown UIInterfaceOrientationLandscapeLeft UIInterfaceOrientationLandscapeRight";
				INFOPLIST_KEY_UISupportedInterfaceOrientations_iPhone = "UIInterfaceOrientationPortrait UIInterfaceOrientationLandscapeLeft UIInterfaceOrientationLandscapeRight";
				LD_RUNPATH_SEARCH_PATHS = (
					"$(inherited)",
					"@executable_path/Frameworks",
				);
				MARKETING_VERSION = 1.0;
				PRODUCT_BUNDLE_IDENTIFIER = com.maduixa.Glasstic;
				PRODUCT_NAME = "$(TARGET_NAME)";
				STRING_CATALOG_GENERATE_SYMBOLS = YES;
				SWIFT_APPROACHABLE_CONCURRENCY = YES;
				SWIFT_DEFAULT_ACTOR_ISOLATION = MainActor;
				SWIFT_EMIT_LOC_STRINGS = YES;
				SWIFT_UPCOMING_FEATURE_MEMBER_IMPORT_VISIBILITY = YES;
				SWIFT_VERSION = 5.0;
				TARGETED_DEVICE_FAMILY = "1,2";
				COM_APPLE_DEVELOPER_HEALTHKIT = YES;
				COM_APPLE_DEVELOPER_APPLICATION_GROUPS = YES;
				INFOPLIST_KEY_NSHealthShareUsageDescription = "This app uses HealthKit to save your fasting sessions for tracking your progress.";
				INFOPLIST_KEY_NSHealthUpdateUsageDescription = "This app uses HealthKit to save your fasting sessions for tracking your progress.";
			};
			name = Debug;
		};
		2B7CA6752E55258D00F68A95 /* Release */ = {
			isa = XCBuildConfiguration;
			buildSettings = {
				ASSETCATALOG_COMPILER_APPICON_NAME = AppIcon;
				ASSETCATALOG_COMPILER_GLOBAL_ACCENT_COLOR_NAME = AccentColor;
				CODE_SIGN_STYLE = Automatic;
				CURRENT_PROJECT_VERSION = 1;
				ENABLE_PREVIEWS = YES;
				GENERATE_INFOPLIST_FILE = YES;
				INFOPLIST_KEY_UIApplicationSceneManifest_Generation = YES;
				INFOPLIST_KEY_UIApplicationSupportsIndirectInputEvents = YES;
				INFOPLIST_KEY_UILaunchScreen_Generation = YES;
				INFOPLIST_KEY_UISupportedInterfaceOrientations_iPad = "UIInterfaceOrientationPortrait UIInterfaceOrientationPortraitUpsideDown UIInterfaceOrientationLandscapeLeft UIInterfaceOrientationLandscapeRight";
				INFOPLIST_KEY_UISupportedInterfaceOrientations_iPhone = "UIInterfaceOrientationPortrait UIInterfaceOrientationLandscapeLeft UIInterfaceOrientationLandscapeRight";
				LD_RUNPATH_SEARCH_PATHS = (
					"$(inherited)",
					"@executable_path/Frameworks",
				);
				MARKETING_VERSION = 1.0;
				PRODUCT_BUNDLE_IDENTIFIER = com.maduixa.Glasstic;
				PRODUCT_NAME = "$(TARGET_NAME)";
				STRING_CATALOG_GENERATE_SYMBOLS = YES;
				SWIFT_APPROACHABLE_CONCURRENCY = YES;
				SWIFT_DEFAULT_ACTOR_ISOLATION = MainActor;
				SWIFT_EMIT_LOC_STRINGS = YES;
				SWIFT_UPCOMING_FEATURE_MEMBER_IMPORT_VISIBILITY = YES;
				SWIFT_VERSION = 5.0;
				TARGETED_DEVICE_FAMILY = "1,2";
				COM_APPLE_DEVELOPER_HEALTHKIT = YES;
				COM_APPLE_DEVELOPER_APPLICATION_GROUPS = YES;
				INFOPLIST_KEY_NSHealthShareUsageDescription = "This app uses HealthKit to save your fasting sessions for tracking your progress.";
				INFOPLIST_KEY_NSHealthUpdateUsageDescription = "This app uses HealthKit to save your fasting sessions for tracking your progress.";
			};
			name = Release;
		};
/* End XCBuildConfiguration section */

/* Begin XCConfigurationList section */
		2B7CA6632E55258C00F68A95 /* Build configuration list for PBXProject "Glasstic" */ = {
			isa = XCConfigurationList;
			buildConfigurations = (
				2B7CA6712E55258D00F68A95 /* Debug */,
				2B7CA6722E55258D00F68A95 /* Release */,
			);
			defaultConfigurationIsVisible = 0;
			defaultConfigurationName = Release;
		};
		2B7CA6732E55258D00F68A95 /* Build configuration list for PBXNativeTarget "Glasstic" */ = {
			isa = XCConfigurationList;
			buildConfigurations = (
				2B7CA6742E55258D00F68A95 /* Debug */,
				2B7CA6752E55258D00F68A95 /* Release */,
			);
			defaultConfigurationIsVisible = 0;
			defaultConfigurationName = Release;
		};
/* End XCConfigurationList section */
	};
	rootObject = 2B7CA6602E55258C00F68A95 /* Project object */;
}
